
Microsoft Visual Studio Solution File, Format Version 12.00
# Visual Studio Version 16
VisualStudioVersion = 16.0.30711.63
MinimumVisualStudioVersion = 15.0.26124.0
Project("{9A19103F-16F7-4668-BE54-9A1E7A4F7556}") = "interface-segregation", "interface-segregation\interface-segregation.csproj", "{210B035F-6193-4AAA-822B-2ACFCC61DB04}"
EndProject
Project("{2150E333-8FDC-42A3-9474-1A3956D46DE8}") = "SOLID", "SOLID", "{7776C905-45E8-4AB8-94D4-7B3DC74BC96A}"
EndProject
Project("{FAE04EC0-301F-11D3-BF4B-00C04F79EFBC}") = "dependency-inversion", "dependency-inversion\dependency-inversion.csproj", "{7488958F-061A-4374-B7C8-D86D2E1E95CB}"
EndProject
Project("{2150E333-8FDC-42A3-9474-1A3956D46DE8}") = "Digressions", "Digressions", "{1F1A862A-173D-48D3-AD34-5411FB24ACDC}"
EndProject
Project("{2150E333-8FDC-42A3-9474-1A3956D46DE8}") = "Async-Await", "Async-Await", "{9034F802-630D-4251-9300-E31796383047}"
EndProject
Project("{FAE04EC0-301F-11D3-BF4B-00C04F79EFBC}") = "asyncawait", "..\asyncawait\asyncawait.csproj", "{874E3670-C74D-4312-B22B-13470B68825E}"
EndProject
Global
	GlobalSection(SolutionConfigurationPlatforms) = preSolution
		Debug|Any CPU = Debug|Any CPU
		Debug|x64 = Debug|x64
		Debug|x86 = Debug|x86
		Release|Any CPU = Release|Any CPU
		Release|x64 = Release|x64
		Release|x86 = Release|x86
	EndGlobalSection
	GlobalSection(ProjectConfigurationPlatforms) = postSolution
		{210B035F-6193-4AAA-822B-2ACFCC61DB04}.Debug|Any CPU.ActiveCfg = Debug|Any CPU
		{210B035F-6193-4AAA-822B-2ACFCC61DB04}.Debug|Any CPU.Build.0 = Debug|Any CPU
		{210B035F-6193-4AAA-822B-2ACFCC61DB04}.Debug|x64.ActiveCfg = Debug|Any CPU
		{210B035F-6193-4AAA-822B-2ACFCC61DB04}.Debug|x64.Build.0 = Debug|Any CPU
		{210B035F-6193-4AAA-822B-2ACFCC61DB04}.Debug|x86.ActiveCfg = Debug|Any CPU
		{210B035F-6193-4AAA-822B-2ACFCC61DB04}.Debug|x86.Build.0 = Debug|Any CPU
		{210B035F-6193-4AAA-822B-2ACFCC61DB04}.Release|Any CPU.ActiveCfg = Release|Any CPU
		{210B035F-6193-4AAA-822B-2ACFCC61DB04}.Release|Any CPU.Build.0 = Release|Any CPU
		{210B035F-6193-4AAA-822B-2ACFCC61DB04}.Release|x64.ActiveCfg = Release|Any CPU
		{210B035F-6193-4AAA-822B-2ACFCC61DB04}.Release|x64.Build.0 = Release|Any CPU
		{210B035F-6193-4AAA-822B-2ACFCC61DB04}.Release|x86.ActiveCfg = Release|Any CPU
		{210B035F-6193-4AAA-822B-2ACFCC61DB04}.Release|x86.Build.0 = Release|Any CPU
		{7488958F-061A-4374-B7C8-D86D2E1E95CB}.Debug|Any CPU.ActiveCfg = Debug|Any CPU
		{7488958F-061A-4374-B7C8-D86D2E1E95CB}.Debug|Any CPU.Build.0 = Debug|Any CPU
		{7488958F-061A-4374-B7C8-D86D2E1E95CB}.Debug|x64.ActiveCfg = Debug|Any CPU
		{7488958F-061A-4374-B7C8-D86D2E1E95CB}.Debug|x64.Build.0 = Debug|Any CPU
		{7488958F-061A-4374-B7C8-D86D2E1E95CB}.Debug|x86.ActiveCfg = Debug|Any CPU
		{7488958F-061A-4374-B7C8-D86D2E1E95CB}.Debug|x86.Build.0 = Debug|Any CPU
		{7488958F-061A-4374-B7C8-D86D2E1E95CB}.Release|Any CPU.ActiveCfg = Release|Any CPU
		{7488958F-061A-4374-B7C8-D86D2E1E95CB}.Release|Any CPU.Build.0 = Release|Any CPU
		{7488958F-061A-4374-B7C8-D86D2E1E95CB}.Release|x64.ActiveCfg = Release|Any CPU
		{7488958F-061A-4374-B7C8-D86D2E1E95CB}.Release|x64.Build.0 = Release|Any CPU
		{7488958F-061A-4374-B7C8-D86D2E1E95CB}.Release|x86.ActiveCfg = Release|Any CPU
		{7488958F-061A-4374-B7C8-D86D2E1E95CB}.Release|x86.Build.0 = Release|Any CPU
		{874E3670-C74D-4312-B22B-13470B68825E}.Debug|Any CPU.ActiveCfg = Debug|Any CPU
		{874E3670-C74D-4312-B22B-13470B68825E}.Debug|Any CPU.Build.0 = Debug|Any CPU
		{874E3670-C74D-4312-B22B-13470B68825E}.Debug|x64.ActiveCfg = Debug|Any CPU
		{874E3670-C74D-4312-B22B-13470B68825E}.Debug|x64.Build.0 = Debug|Any CPU
		{874E3670-C74D-4312-B22B-13470B68825E}.Debug|x86.ActiveCfg = Debug|Any CPU
		{874E3670-C74D-4312-B22B-13470B68825E}.Debug|x86.Build.0 = Debug|Any CPU
		{874E3670-C74D-4312-B22B-13470B68825E}.Release|Any CPU.ActiveCfg = Release|Any CPU
		{874E3670-C74D-4312-B22B-13470B68825E}.Release|Any CPU.Build.0 = Release|Any CPU
		{874E3670-C74D-4312-B22B-13470B68825E}.Release|x64.ActiveCfg = Release|Any CPU
		{874E3670-C74D-4312-B22B-13470B68825E}.Release|x64.Build.0 = Release|Any CPU
		{874E3670-C74D-4312-B22B-13470B68825E}.Release|x86.ActiveCfg = Release|Any CPU
		{874E3670-C74D-4312-B22B-13470B68825E}.Release|x86.Build.0 = Release|Any CPU
	EndGlobalSection
	GlobalSection(SolutionProperties) = preSolution
		HideSolutionNode = FALSE
	EndGlobalSection
	GlobalSection(NestedProjects) = preSolution
		{210B035F-6193-4AAA-822B-2ACFCC61DB04} = {7776C905-45E8-4AB8-94D4-7B3DC74BC96A}
		{7488958F-061A-4374-B7C8-D86D2E1E95CB} = {7776C905-45E8-4AB8-94D4-7B3DC74BC96A}
		{9034F802-630D-4251-9300-E31796383047} = {1F1A862A-173D-48D3-AD34-5411FB24ACDC}
		{874E3670-C74D-4312-B22B-13470B68825E} = {9034F802-630D-4251-9300-E31796383047}
	EndGlobalSection
	GlobalSection(ExtensibilityGlobals) = postSolution
		SolutionGuid = {F76C86B5-3DCC-460A-9E28-A6991600A046}
	EndGlobalSection
EndGlobal
